
Microsoft Visual Studio Solution File, Format Version 12.00
# Visual Studio Version 17
VisualStudioVersion = 17.11.35327.3
MinimumVisualStudioVersion = 10.0.40219.1
Project("{9A19103F-16F7-4668-BE54-9A1E7A4F7556}") = "LR.API", "LR.API.csproj", "{25ED290E-7BCD-4BDE-82E9-F7A7B9B59551}"
EndProject
Project("{9A19103F-16F7-4668-BE54-9A1E7A4F7556}") = "LR.Domain", "..\LR.Domain\LR.Domain.csproj", "{B651DCD5-80DA-4961-9043-1A3D9CE8B826}"
EndProject
Project("{9A19103F-16F7-4668-BE54-9A1E7A4F7556}") = "LR.Application", "..\LR.Application\LR.Application.csproj", "{18A3D642-C510-40CD-82C6-17D14DE03BB5}"
EndProject
Project("{9A19103F-16F7-4668-BE54-9A1E7A4F7556}") = "LR.Infrastructure", "..\LR.Infrastructure\LR.Infrastructure.csproj", "{83BA732B-CEA0-48F2-93A3-258B6CD77492}"
EndProject
Project("{9A19103F-16F7-4668-BE54-9A1E7A4F7556}") = "LR.Mapping", "..\LR.Mapping\LR.Mapping.csproj", "{047C8020-5806-4E02-917D-1B0C012A550C}"
EndProject
Project("{2150E333-8FDC-42A3-9474-1A3956D46DE8}") = "Infrastructure", "Infrastructure", "{0777D98B-D1DD-4E32-B683-B2C6720BBD6A}"
EndProject
Project("{9A19103F-16F7-4668-BE54-9A1E7A4F7556}") = "LR.Persistance", "..\LR.Persistance\LR.Persistance.csproj", "{00386A51-B3C2-4445-82DE-CEE43176A431}"
EndProject
Project("{00D1A9C2-B5F0-4AF3-8072-F6C62B433612}") = "LR.DatabaseProject", "..\LR.DatabaseProject\LR.DatabaseProject.sqlproj", "{1FD034CA-E6FF-403B-B7CF-3AB56F7E1BEA}"
EndProject
Project("{E24C65DC-7377-472B-9ABA-BC803B73C61A}") = "LR.Client", "..\LR.Client\", "{5C1E3630-B3FF-4B5B-B9D6-47F6091AE3E6}"
	ProjectSection(WebsiteProperties) = preProject
		TargetFrameworkMoniker = ".NETFramework,Version%3Dv4.0"
		Debug.AspNetCompiler.VirtualPath = "/localhost_54679"
		Debug.AspNetCompiler.PhysicalPath = "..\LR.Client\"
		Debug.AspNetCompiler.TargetPath = "PrecompiledWeb\localhost_54679\"
		Debug.AspNetCompiler.Updateable = "true"
		Debug.AspNetCompiler.ForceOverwrite = "true"
		Debug.AspNetCompiler.FixedNames = "false"
		Debug.AspNetCompiler.Debug = "True"
		Release.AspNetCompiler.VirtualPath = "/localhost_54679"
		Release.AspNetCompiler.PhysicalPath = "..\LR.Client\"
		Release.AspNetCompiler.TargetPath = "PrecompiledWeb\localhost_54679\"
		Release.AspNetCompiler.Updateable = "true"
		Release.AspNetCompiler.ForceOverwrite = "true"
		Release.AspNetCompiler.FixedNames = "false"
		Release.AspNetCompiler.Debug = "False"
		VWDPort = "54679"
		SlnRelativePath = "..\LR.Client\"
	EndProjectSection
EndProject
Global
	GlobalSection(SolutionConfigurationPlatforms) = preSolution
		Debug|Any CPU = Debug|Any CPU
		Release|Any CPU = Release|Any CPU
	EndGlobalSection
	GlobalSection(ProjectConfigurationPlatforms) = postSolution
		{25ED290E-7BCD-4BDE-82E9-F7A7B9B59551}.Debug|Any CPU.ActiveCfg = Debug|Any CPU
		{25ED290E-7BCD-4BDE-82E9-F7A7B9B59551}.Debug|Any CPU.Build.0 = Debug|Any CPU
		{25ED290E-7BCD-4BDE-82E9-F7A7B9B59551}.Release|Any CPU.ActiveCfg = Release|Any CPU
		{25ED290E-7BCD-4BDE-82E9-F7A7B9B59551}.Release|Any CPU.Build.0 = Release|Any CPU
		{B651DCD5-80DA-4961-9043-1A3D9CE8B826}.Debug|Any CPU.ActiveCfg = Debug|Any CPU
		{B651DCD5-80DA-4961-9043-1A3D9CE8B826}.Debug|Any CPU.Build.0 = Debug|Any CPU
		{B651DCD5-80DA-4961-9043-1A3D9CE8B826}.Release|Any CPU.ActiveCfg = Release|Any CPU
		{B651DCD5-80DA-4961-9043-1A3D9CE8B826}.Release|Any CPU.Build.0 = Release|Any CPU
		{18A3D642-C510-40CD-82C6-17D14DE03BB5}.Debug|Any CPU.ActiveCfg = Debug|Any CPU
		{18A3D642-C510-40CD-82C6-17D14DE03BB5}.Debug|Any CPU.Build.0 = Debug|Any CPU
		{18A3D642-C510-40CD-82C6-17D14DE03BB5}.Release|Any CPU.ActiveCfg = Release|Any CPU
		{18A3D642-C510-40CD-82C6-17D14DE03BB5}.Release|Any CPU.Build.0 = Release|Any CPU
		{83BA732B-CEA0-48F2-93A3-258B6CD77492}.Debug|Any CPU.ActiveCfg = Debug|Any CPU
		{83BA732B-CEA0-48F2-93A3-258B6CD77492}.Debug|Any CPU.Build.0 = Debug|Any CPU
		{83BA732B-CEA0-48F2-93A3-258B6CD77492}.Release|Any CPU.ActiveCfg = Release|Any CPU
		{83BA732B-CEA0-48F2-93A3-258B6CD77492}.Release|Any CPU.Build.0 = Release|Any CPU
		{047C8020-5806-4E02-917D-1B0C012A550C}.Debug|Any CPU.ActiveCfg = Debug|Any CPU
		{047C8020-5806-4E02-917D-1B0C012A550C}.Debug|Any CPU.Build.0 = Debug|Any CPU
		{047C8020-5806-4E02-917D-1B0C012A550C}.Release|Any CPU.ActiveCfg = Release|Any CPU
		{047C8020-5806-4E02-917D-1B0C012A550C}.Release|Any CPU.Build.0 = Release|Any CPU
		{00386A51-B3C2-4445-82DE-CEE43176A431}.Debug|Any CPU.ActiveCfg = Debug|Any CPU
		{00386A51-B3C2-4445-82DE-CEE43176A431}.Debug|Any CPU.Build.0 = Debug|Any CPU
		{00386A51-B3C2-4445-82DE-CEE43176A431}.Release|Any CPU.ActiveCfg = Release|Any CPU
		{00386A51-B3C2-4445-82DE-CEE43176A431}.Release|Any CPU.Build.0 = Release|Any CPU
		{1FD034CA-E6FF-403B-B7CF-3AB56F7E1BEA}.Debug|Any CPU.ActiveCfg = Debug|Any CPU
		{1FD034CA-E6FF-403B-B7CF-3AB56F7E1BEA}.Debug|Any CPU.Build.0 = Debug|Any CPU
		{1FD034CA-E6FF-403B-B7CF-3AB56F7E1BEA}.Debug|Any CPU.Deploy.0 = Debug|Any CPU
		{1FD034CA-E6FF-403B-B7CF-3AB56F7E1BEA}.Release|Any CPU.ActiveCfg = Release|Any CPU
		{1FD034CA-E6FF-403B-B7CF-3AB56F7E1BEA}.Release|Any CPU.Build.0 = Release|Any CPU
		{1FD034CA-E6FF-403B-B7CF-3AB56F7E1BEA}.Release|Any CPU.Deploy.0 = Release|Any CPU
		{5C1E3630-B3FF-4B5B-B9D6-47F6091AE3E6}.Debug|Any CPU.ActiveCfg = Debug|Any CPU
		{5C1E3630-B3FF-4B5B-B9D6-47F6091AE3E6}.Debug|Any CPU.Build.0 = Debug|Any CPU
		{5C1E3630-B3FF-4B5B-B9D6-47F6091AE3E6}.Release|Any CPU.ActiveCfg = Debug|Any CPU
		{5C1E3630-B3FF-4B5B-B9D6-47F6091AE3E6}.Release|Any CPU.Build.0 = Debug|Any CPU
	EndGlobalSection
	GlobalSection(SolutionProperties) = preSolution
		HideSolutionNode = FALSE
	EndGlobalSection
	GlobalSection(NestedProjects) = preSolution
		{83BA732B-CEA0-48F2-93A3-258B6CD77492} = {0777D98B-D1DD-4E32-B683-B2C6720BBD6A}
		{047C8020-5806-4E02-917D-1B0C012A550C} = {0777D98B-D1DD-4E32-B683-B2C6720BBD6A}
		{00386A51-B3C2-4445-82DE-CEE43176A431} = {0777D98B-D1DD-4E32-B683-B2C6720BBD6A}
	EndGlobalSection
	GlobalSection(ExtensibilityGlobals) = postSolution
		SolutionGuid = {40C03C3A-3605-4C28-8BE2-ACF287BFA945}
	EndGlobalSection
EndGlobal
